
Microsoft Visual Studio Solution File, Format Version 12.00
# Visual Studio Version 17
VisualStudioVersion = 17.0.32014.148
MinimumVisualStudioVersion = 10.0.40219.1
Project("{FAE04EC0-301F-11D3-BF4B-00C04F79EFBC}") = "DTNExercise", "DTNExercise\DTNExercise.csproj", "{711B8719-36CC-44F7-8038-BC2DF0DD9D6B}"
EndProject
Global
	GlobalSection(SolutionConfigurationPlatforms) = preSolution
		Debug|Any CPU = Debug|Any CPU
		Release|Any CPU = Release|Any CPU
	EndGlobalSection
	GlobalSection(ProjectConfigurationPlatforms) = postSolution
		{711B8719-36CC-44F7-8038-BC2DF0DD9D6B}.Debug|Any CPU.ActiveCfg = Debug|Any CPU
		{711B8719-36CC-44F7-8038-BC2DF0DD9D6B}.Debug|Any CPU.Build.0 = Debug|Any CPU
		{711B8719-36CC-44F7-8038-BC2DF0DD9D6B}.Release|Any CPU.ActiveCfg = Release|Any CPU
		{711B8719-36CC-44F7-8038-BC2DF0DD9D6B}.Release|Any CPU.Build.0 = Release|Any CPU
	EndGlobalSection
	GlobalSection(SolutionProperties) = preSolution
		HideSolutionNode = FALSE
	EndGlobalSection
	GlobalSection(ExtensibilityGlobals) = postSolution
		SolutionGuid = {87CD21D9-D967-464F-9C7F-6D35AA0D8E46}
	EndGlobalSection
EndGlobal
